hash: 338bdc0028ef590f09d1795d7d6ab2f98b87beb2c593381308dff4bb70b1a219
updated: 2018-02-21T15:35:06.90549365+07:00
imports:
- name: github.com/gin-contrib/sse
  version: 22d885f9ecc78bf4ee5d72b937e4bbcdc58e8cae
- name: github.com/gin-gonic/gin
  version: d459835d2b077e44f7c9b453505ee29881d5d12d
  subpackages:
  - binding
  - render
- name: github.com/go-sql-driver/mysql
  version: bc14601d1bd56421dd60f561e6052c9ed77f9daf
- name: github.com/golang/protobuf
  version: 2402d76f3d41f928c7902a765dfc872356dd3aad
  subpackages:
  - proto
- name: github.com/kocherovf/data-server
  version: df79b25e471b6d3c9c1dcf357e59e56380b51d66
  subpackages:
  - sqlparser
- name: github.com/mattn/go-isatty
  version: fc9e8d8ef48496124e79ae0df75490096eccf6fe
- name: github.com/ugorji/go
  version: b5b949564861e43a03568a0b134c135cf318e5c8
  subpackages:
  - codec
- name: golang.org/x/sys
  version: f7928cfef4d09d1b080aa2b6fd3ca9ba1567c733
  subpackages:
  - unix
- name: google.golang.org/appengine
  version: 5bee14b453b4c71be47ec1781b0fa61c2ea182db
  subpackages:
  - cloudsql
- name: gopkg.in/go-playground/validator.v8
  version: c193cecd124b5cc722d7ee5538e945bdb3348435
- name: gopkg.in/yaml.v2
  version: cd8b52f8269e0feb286dfeef29f8fe4d5b397e0b
testImports: []
